<Solution>
  <Folder Name="/BuildDoc/">
    <File Path="BuildDoc/00_READ_THIS_FIRST.md" />
    <File Path="BuildDoc/AGENT_LIGHTNING_INTEGRATION.md" />
    <File Path="BuildDoc/AGENT_LIGHTNING_STATE_BEST_PRACTICES.md" />
    <File Path="BuildDoc/AGENT_LIGHTNING_STATE_MANAGEMENT.md" />
    <File Path="BuildDoc/AGENT_LIGHTNING_STATE_MANAGEMENT_COMPLETE.md" />
    <File Path="BuildDoc/AGENT_LIGHTNING_STATE_QUICK_REFERENCE.md" />
    <File Path="BuildDoc/BUILD_FIX_SUMMARY.md" />
    <File Path="BuildDoc/COMPLETE_DELIVERY.md" />
    <File Path="BuildDoc/DELIVERY_SUMMARY.md" />
    <File Path="BuildDoc/DOCUMENTATION_UPDATE_COMPLETE.md" />
    <File Path="BuildDoc/FINAL_VERIFICATION.md" />
    <File Path="BuildDoc/IMPLEMENTATION_COMPLETE.md" />
    <File Path="BuildDoc/IMPLEMENTATION_STATUS.md" />
    <File Path="BuildDoc/IMPLEMENTATION_SUMMARY_SEARCRAWL4AI.md" />
    <File Path="BuildDoc/LLM_QUICK_REFERENCE.md" />
    <File Path="BuildDoc/ORGANIZATION_COMPLETE.md" />
    <File Path="BuildDoc/PHASE1_COMPLETE.md" />
    <File Path="BuildDoc/PHASE1_COMPLETION_SUMMARY.md" />
    <File Path="BuildDoc/PHASE2_ALL_WORKFLOWS_COMPLETE.md" />
    <File Path="BuildDoc/PHASE2_EXECUTIVE_SUMMARY.md" />
    <File Path="BuildDoc/PHASE2_FINAL_SUMMARY.md" />
    <File Path="BuildDoc/PHASE2_IMPLEMENTATION_GUIDE.md" />
    <File Path="BuildDoc/PHASE2_INDEX.md" />
    <File Path="BuildDoc/PHASE2_KICKOFF.md" />
    <File Path="BuildDoc/PHASE2_PROGRESS.md" />
    <File Path="BuildDoc/PHASE2_SESSION_SUMMARY.md" />
    <File Path="BuildDoc/PHASE2_TESTING_COMPLETE_INDEX.md" />
    <File Path="BuildDoc/PHASE3_DOCUMENTATION_CHECKLIST.md" />
    <File Path="BuildDoc/PHASE3_DOCUMENTATION_INDEX.md" />
    <File Path="BuildDoc/PHASE3_KICKOFF_GUIDE.md" />
    <File Path="BuildDoc/PHASE3_READINESS_ASSESSMENT.md" />
    <File Path="BuildDoc/PHASE3_UPDATES_SUMMARY.md" />
    <File Path="BuildDoc/QUICK_REFERENCE.md" />
    <File Path="BuildDoc/README_INDEX.md" />
    <File Path="BuildDoc/README_PHASE3_REVIEW.md" />
    <File Path="BuildDoc/RESEARCHER_QUICK_REFERENCE.md" />
    <File Path="BuildDoc/RESEARCHER_WORKFLOW_ENHANCEMENT.md" />
    <File Path="BuildDoc/RESEARCHER_WORKFLOW_SESSION_SUMMARY.md" />
    <File Path="BuildDoc/REVIEW_DELIVERY_SUMMARY.md" />
    <File Path="BuildDoc/SEARCRAWL4AI_GUIDE.md" />
    <File Path="BuildDoc/SEARCRAWL4AI_QUICKREF.md" />
    <File Path="BuildDoc/SOLUTION_REVIEW_COMPLETE.md" />
    <File Path="BuildDoc/START_HERE.md" />
    <File Path="BuildDoc/STATUS_REPORT.md" />
    <File Path="BuildDoc/SUPERVISOR_ENHANCEMENT_SESSION_SUMMARY.md" />
    <File Path="BuildDoc/SUPERVISOR_QUICK_REFERENCE.md" />
    <File Path="BuildDoc/SUPERVISOR_WORKFLOW_ENHANCEMENT.md" />
    <File Path="BuildDoc/SUPERVISOR_WORKFLOW_FINAL_SUMMARY.md" />
    <File Path="BuildDoc/TEST_STRUCTURE_BEST_PRACTICES.md" />
    <File Path="BuildDoc/TEST_STRUCTURE_IMPLEMENTATION_SUMMARY.md" />
    <File Path="BuildDoc/TEST_STRUCTURE_INDEX.md" />
    <File Path="BuildDoc/VERIFICATION_COMPLETE.md" />
    <File Path="BuildDoc/VISUAL_SUMMARY.md" />
    <File Path="BuildDoc/WEB_API_DOCUMENTATION.md" />
    <File Path="BuildDoc/WORKFLOW_INTEGRATION_COMPLETE.md" />
    <File Path="BuildDoc/WORKFLOW_STATE_INTEGRATION_GUIDE.md" />
  </Folder>

  <Folder Name="/crawl4ai-service/">
    <File Path="crawl4ai-service/Dockerfile" />
    <File Path="crawl4ai-service/requirements.txt" />
    <File Path="crawl4ai-service/server.py" />
  </Folder>

  <Folder Name="/lightning-server/">
    <File Path="lightning-server/Dockerfile" />
    <File Path="lightning-server/README.md" />
    <File Path="lightning-server/requirements.txt" />
    <File Path="lightning-server/server.py" />
  </Folder>


	<Folder Name="/lightning-server/tests/">
		<File Path="lightning-server/tests/requirements.txt" />
		<File Path="lightning-server/tests/test_integration.py" />
    </Folder>

  <Folder Name="/scripts/">
    <File Path="scripts/test-lightning-integration.sh" />
  </Folder>

  <Folder Name="/searxng/">
    <File Path="searxng/.env" />
    <File Path="searxng/Caddyfile" />
    <File Path="searxng/settings.yml" />
  </Folder>

  <Folder Name="/Solution Items/">
    <File Path="docker-compose.test.yml" />
    <File Path="docker-compose.yml" />
    <File Path="ini .editorconfig" />
    <File Path="LICENSE.txt" />
    <File Path="README.md" />
  </Folder>
  <Project Path="DeepResearchAgent.Api/DeepResearchAgent.Api.csproj" />
  <Project Path="DeepResearchAgent.Tests/DeepResearchAgent.Tests.csproj" />
  <Project Path="DeepResearchAgent/DeepResearchAgent.csproj" />
</Solution>