<Solution>

  <Folder Name="/crawl4ai-service/">
    <File Path="crawl4ai-service/Dockerfile" />
    <File Path="crawl4ai-service/requirements.txt" />
    <File Path="crawl4ai-service/server.py" />
  </Folder>

  <Folder Name="/lightning-server/">
    <File Path="lightning-server/Dockerfile" />
    <File Path="lightning-server/README.md" />
    <File Path="lightning-server/requirements.txt" />
    <File Path="lightning-server/server.py" />
  </Folder>

  <Folder Name="/DeepResearchAgent.UI/">
    <File Path="DeepResearchAgent.UI/.env.example" />
    <File Path="DeepResearchAgent.UI/.env.local" />
    <File Path="DeepResearchAgent.UI/.env.local.example" />
    <File Path="DeepResearchAgent.UI/.gitignore" />
    <File Path="DeepResearchAgent.UI/DEVELOPMENT.md" />
    <File Path="DeepResearchAgent.UI/Dockerfile" />
    <File Path="DeepResearchAgent.UI/index.html" />
    <File Path="DeepResearchAgent.UI/package-lock.json" />
    <File Path="DeepResearchAgent.UI/package.json" />
    <File Path="DeepResearchAgent.UI/postcss.config.js" />
    <File Path="DeepResearchAgent.UI/README.md" />
    <File Path="DeepResearchAgent.UI/tailwind.config.ts" />
    <File Path="DeepResearchAgent.UI/tsconfig.json" />
    <File Path="DeepResearchAgent.UI/tsconfig.node.json" />
    <File Path="DeepResearchAgent.UI/vite.config.ts" />
    
  </Folder>

	<Folder Name="/DeepResearchAgent.UI/src/">
    </Folder>

	<Folder Name="/DeepResearchAgent.UI/src/components/">
	  <File Path="DeepResearchAgent.UI/src/components/ChatDialog.tsx" />
	  <File Path="DeepResearchAgent.UI/src/components/ConfigurationDialog.tsx" />
	  <File Path="DeepResearchAgent.UI/src/components/FileUploadModal.tsx" />
	  <File Path="DeepResearchAgent.UI/src/components/InputBar.tsx" />
	  <File Path="DeepResearchAgent.UI/src/components/MessageBubble.tsx" />
	  <File Path="DeepResearchAgent.UI/src/components/MessageList.tsx" />
	  <File Path="DeepResearchAgent.UI/src/components/Sidebar.tsx" />
    </Folder>

	<Folder Name="/BuildDocs/">
		<File Path="BuildDocs/INDEX.md" />
    </Folder>
	<Folder Name="/BuildDocs/Architecture/">
		<File Path="BuildDocs/Architecture/README.md" />
		<File Path="BuildDocs/Architecture/WORKFLOW_ABSTRACTION_GUIDE.md" />
    </Folder>
	<Folder Name="/BuildDocs/Decisions/">
		<File Path="BuildDocs/Decisions/README.md" />
    </Folder>
	<Folder Name="/BuildDocs/Design/">
		<File Path="BuildDocs/Design/README.md" />
    </Folder>
	<Folder Name="/BuildDocs/Implementation/">
		<File Path="BuildDocs/Implementation/API_FIXED_QUICK_START.md" />
		<File Path="BuildDocs/Implementation/CLARIFY_ITERATIVE_AGENT_README.md" />
		<File Path="BuildDocs/Implementation/CLARIFY_ITERATIVE_IMPLEMENTATION_SUMMARY.md" />
		<File Path="BuildDocs/Implementation/CLARIFY_ITERATIVE_QUICK_START.md" />
		<File Path="BuildDocs/Implementation/IMPLEMENTATION_SUMMARY_FINAL.md" />
		<File Path="BuildDocs/Implementation/NEXT_STEPS_COMPLETE.md" />
		<File Path="BuildDocs/Implementation/PHASE2_BACKEND_INTEGRATION_PLAN.md" />
		<File Path="BuildDocs/Implementation/PHASE2_IMPLEMENTATION_COMPLETE.md" />
		<File Path="BuildDocs/Implementation/QUICK_START_PHASE2.md" />
		<File Path="BuildDocs/Implementation/README.md" />
    </Folder>
	<Folder Name="/BuildDocs/Migration/">
		<File Path="BuildDocs/Migration/DeepResearchAgent.Api-Configuration-Alignment.md" />
		<File Path="BuildDocs/Migration/README.md" />
    </Folder>
	<Folder Name="/BuildDocs/Troubleshooting/">
		<File Path="BuildDocs/Troubleshooting/BUILD_ERRORS_FIXED.md" />
		<File Path="BuildDocs/Troubleshooting/DI_ERROR_FIXED.md" />
		<File Path="BuildDocs/Troubleshooting/README.md" />
		<File Path="BuildDocs/Troubleshooting/SIDEBAR_FIX_APPLIED.md" />
		<File Path="BuildDocs/Troubleshooting/SIDEBAR_TROUBLESHOOTING.md" />
    </Folder>
	<Folder Name="/BuildDocs/UI/">
		<File Path="BuildDocs/UI/DEVELOPMENT.md" />
		<File Path="BuildDocs/UI/README.md" />
		<File Path="BuildDocs/UI/README_QUICKSTART.md" />
		<File Path="BuildDocs/UI/UI_IMPLEMENTATION_PHASE1.md" />
    </Folder>
	<Folder Name="/BuildDocs/Verification/">
		<File Path="BuildDocs/Verification/PHASE2_READY_TO_TEST.md" />
		<File Path="BuildDocs/Verification/README.md" />
		<File Path="BuildDocs/Verification/TESTING_GUIDE.md" />
    </Folder>


	<Folder Name="/DeepResearchAgent.UI/src/hooks/">
    </Folder>

	<Folder Name="/DeepResearchAgent.UI/src/services/">
	  <File Path="DeepResearchAgent.UI/src/services/api.ts" />
    </Folder>

	<Folder Name="/DeepResearchAgent.UI/src/types/">
	  <File Path="DeepResearchAgent.UI/src/types/index.ts" />
    </Folder>





	<Folder Name="/lightning-server/tests/">
		<File Path="lightning-server/tests/requirements.txt" />
		<File Path="lightning-server/tests/test_integration.py" />
    </Folder>


	<Folder Name="/monitoring/">
		<File Path="monitoring/alertmanager.yml" />
		<File Path="monitoring/alerts.yml" />
		<File Path="monitoring/disable-lightning-server.ps1" />
		<File Path="monitoring/disable-lightning-server.sh" />
		<File Path="monitoring/docker-compose.yml" />
		<File Path="monitoring/prometheus.yml" />
		<File Path="monitoring/README.md" />
		<File Path="monitoring/setup.ps1" />
		<File Path="monitoring/setup.sh" />
		
	</Folder>

	<Folder Name="/monitoring/alertmanager/">
		<File Path="monitoring/alertmanager/alertmanager.yml" />
		
	</Folder>
	
	<Folder Name="/monitoring/grafana/dashboard/">
		<File Path="monitoring/grafana/dashboards/apo-performance.json" />
		<File Path="monitoring/grafana/dashboards/dashboard-provider.yml" />
		
	</Folder>
	
	<Folder Name="/monitoring/grafana/datasources/">
		<File Path="monitoring/grafana/datasources/prometheus.yml" />
		
	</Folder>
	
	<Folder Name="/monitoring/grafana/provisioning/">
		
	</Folder>
	
	<Folder Name="/monitoring/grafana/provisioning/datasources/">
		<File Path="monitoring/grafana/provisioning/datasources/datasource.yml" />
		
	</Folder>
	
	
	<Folder Name="/monitoring/grafana/">
		
	</Folder>
	

	<Folder Name="/monitoring/prometheus/">
		<File Path="monitoring/prometheus/prometheus.yml" />
		
	</Folder>
	
	<Folder Name="/monitoring/prometheus/alerts/">
		<File Path="monitoring/prometheus/alerts/apo-alerts.yml" />
		
	</Folder>
	<Folder Name="/OrigSource/">
		<File Path="OrigSource/rd-code.py" />
		
	</Folder>

  <Folder Name="/scripts/">
    <File Path="scripts/test-lightning-integration.sh" />
  </Folder>

  <Folder Name="/searxng/">
    <File Path="searxng/.env" />
    <File Path="searxng/Caddyfile" />
    <File Path="searxng/settings.yml" />
  </Folder>

  <Folder Name="/Solution Items/">
    <File Path="docker-compose.test.yml" />
    <File Path="docker-compose.yml" />
    <File Path="ini .editorconfig" />
    <File Path="LICENSE.txt" />
    <File Path="README.md" />
  </Folder>
	<Project Path="DeepResearchAgent.Api/DeepResearchAgent.Api.csproj" />
	<Project Path="DeepResearchAgent.Tests/DeepResearchAgent.Tests.csproj" />
	<Project Path="DeepResearchAgent/DeepResearchAgent.csproj" />
</Solution>